// !$*UTF8*$!
{
	archiveVersion = 1;
	classes = {
	};
	objectVersion = 56;
	objects = {

/* Begin PBXBuildFile section */
		5AA1A03D2B4B89A60087A1C3 /* ToDoListApp.swift in Sources */ = {isa = PBXBuildFile; fileRef = 5AA1A03C2B4B89A60087A1C3 /* ToDoListApp.swift */; };
		5AA1A03F2B4B89A60087A1C3 /* ContentView.swift in Sources */ = {isa = PBXBuildFile; fileRef = 5AA1A03E2B4B89A60087A1C3 /* ContentView.swift */; };
		5AA1A0412B4B89A60087A1C3 /* Assets.xcassets in Resources */ = {isa = PBXBuildFile; fileRef = 5AA1A0402B4B89A60087A1C3 /* Assets.xcassets */; };
		5AA1A0442B4B89A60087A1C3 /* Preview Assets.xcassets in Resources */ = {isa = PBXBuildFile; fileRef = 5AA1A0432B4B89A60087A1C3 /* Preview Assets.xcassets */; };
		5AA1A04E2B4B89A60087A1C3 /* ToDoListTests.swift in Sources */ = {isa = PBXBuildFile; fileRef = 5AA1A04D2B4B89A60087A1C3 /* ToDoListTests.swift */; };
		5AA1A0582B4B89A60087A1C3 /* ToDoListUITests.swift in Sources */ = {isa = PBXBuildFile; fileRef = 5AA1A0572B4B89A60087A1C3 /* ToDoListUITests.swift */; };
		5AA1A05A2B4B89A60087A1C3 /* ToDoListUITestsLaunchTests.swift in Sources */ = {isa = PBXBuildFile; fileRef = 5AA1A0592B4B89A60087A1C3 /* ToDoListUITestsLaunchTests.swift */; };
		5AA1A0672B4B8AE30087A1C3 /* GoogleService-Info.plist in Resources */ = {isa = PBXBuildFile; fileRef = 5AA1A0662B4B8AE30087A1C3 /* GoogleService-Info.plist */; };
		5AA1A06A2B4B8DF30087A1C3 /* FirebaseAnalytics in Frameworks */ = {isa = PBXBuildFile; productRef = 5AA1A0692B4B8DF30087A1C3 /* FirebaseAnalytics */; };
		5AA1A06D2B4B952A0087A1C3 /* FirebaseFirestore in Frameworks */ = {isa = PBXBuildFile; productRef = 5AA1A06C2B4B952A0087A1C3 /* FirebaseFirestore */; };
		5AA1A06F2B4B96650087A1C3 /* FirebaseFirestoreSwift in Frameworks */ = {isa = PBXBuildFile; productRef = 5AA1A06E2B4B96650087A1C3 /* FirebaseFirestoreSwift */; };
/* End PBXBuildFile section */

/* Begin PBXContainerItemProxy section */
		5AA1A04A2B4B89A60087A1C3 /* PBXContainerItemProxy */ = {
			isa = PBXContainerItemProxy;
			containerPortal = 5AA1A0312B4B89A60087A1C3 /* Project object */;
			proxyType = 1;
			remoteGlobalIDString = 5AA1A0382B4B89A60087A1C3;
			remoteInfo = ToDoList;
		};
		5AA1A0542B4B89A60087A1C3 /* PBXContainerItemProxy */ = {
			isa = PBXContainerItemProxy;
			containerPortal = 5AA1A0312B4B89A60087A1C3 /* Project object */;
			proxyType = 1;
			remoteGlobalIDString = 5AA1A0382B4B89A60087A1C3;
			remoteInfo = ToDoList;
		};
/* End PBXContainerItemProxy section */

/* Begin PBXFileReference section */
		5AA1A0392B4B89A60087A1C3 /* ToDoList.app */ = {isa = PBXFileReference; explicitFileType = wrapper.application; includeInIndex = 0; path = ToDoList.app; sourceTree = BUILT_PRODUCTS_DIR; };
		5AA1A03C2B4B89A60087A1C3 /* ToDoListApp.swift */ = {isa = PBXFileReference; lastKnownFileType = sourcecode.swift; path = ToDoListApp.swift; sourceTree = "<group>"; };
		5AA1A03E2B4B89A60087A1C3 /* ContentView.swift */ = {isa = PBXFileReference; lastKnownFileType = sourcecode.swift; path = ContentView.swift; sourceTree = "<group>"; };
		5AA1A0402B4B89A60087A1C3 /* Assets.xcassets */ = {isa = PBXFileReference; lastKnownFileType = folder.assetcatalog; path = Assets.xcassets; sourceTree = "<group>"; };
		5AA1A0432B4B89A60087A1C3 /* Preview Assets.xcassets */ = {isa = PBXFileReference; lastKnownFileType = folder.assetcatalog; path = "Preview Assets.xcassets"; sourceTree = "<group>"; };
		5AA1A0492B4B89A60087A1C3 /* ToDoListTests.xctest */ = {isa = PBXFileReference; explicitFileType = wrapper.cfbundle; includeInIndex = 0; path = ToDoListTests.xctest; sourceTree = BUILT_PRODUCTS_DIR; };
		5AA1A04D2B4B89A60087A1C3 /* ToDoListTests.swift */ = {isa = PBXFileReference; lastKnownFileType = sourcecode.swift; path = ToDoListTests.swift; sourceTree = "<group>"; };
		5AA1A0532B4B89A60087A1C3 /* ToDoListUITests.xctest */ = {isa = PBXFileReference; explicitFileType = wrapper.cfbundle; includeInIndex = 0; path = ToDoListUITests.xctest; sourceTree = BUILT_PRODUCTS_DIR; };
		5AA1A0572B4B89A60087A1C3 /* ToDoListUITests.swift */ = {isa = PBXFileReference; lastKnownFileType = sourcecode.swift; path = ToDoListUITests.swift; sourceTree = "<group>"; };
		5AA1A0592B4B89A60087A1C3 /* ToDoListUITestsLaunchTests.swift */ = {isa = PBXFileReference; lastKnownFileType = sourcecode.swift; path = ToDoListUITestsLaunchTests.swift; sourceTree = "<group>"; };
		5AA1A0662B4B8AE30087A1C3 /* GoogleService-Info.plist */ = {isa = PBXFileReference; fileEncoding = 4; lastKnownFileType = text.plist.xml; path = "GoogleService-Info.plist"; sourceTree = "<group>"; };
/* End PBXFileReference section */

/* Begin PBXFrameworksBuildPhase section */
		5AA1A0362B4B89A60087A1C3 /* Frameworks */ = {
			isa = PBXFrameworksBuildPhase;
			buildActionMask = 2147483647;
			files = (
				5AA1A06A2B4B8DF30087A1C3 /* FirebaseAnalytics in Frameworks */,
				5AA1A06D2B4B952A0087A1C3 /* FirebaseFirestore in Frameworks */,
				5AA1A06F2B4B96650087A1C3 /* FirebaseFirestoreSwift in Frameworks */,
			);
			runOnlyForDeploymentPostprocessing = 0;
		};
		5AA1A0462B4B89A60087A1C3 /* Frameworks */ = {
			isa = PBXFrameworksBuildPhase;
			buildActionMask = 2147483647;
			files = (
			);
			runOnlyForDeploymentPostprocessing = 0;
		};
		5AA1A0502B4B89A60087A1C3 /* Frameworks */ = {
			isa = PBXFrameworksBuildPhase;
			buildActionMask = 2147483647;
			files = (
			);
			runOnlyForDeploymentPostprocessing = 0;
		};
/* End PBXFrameworksBuildPhase section */

/* Begin PBXGroup section */
		5AA1A0302B4B89A60087A1C3 = {
			isa = PBXGroup;
			children = (
				5AA1A03B2B4B89A60087A1C3 /* ToDoList */,
				5AA1A04C2B4B89A60087A1C3 /* ToDoListTests */,
				5AA1A0562B4B89A60087A1C3 /* ToDoListUITests */,
				5AA1A03A2B4B89A60087A1C3 /* Products */,
				5AA1A06B2B4B952A0087A1C3 /* Frameworks */,
			);
			sourceTree = "<group>";
		};
		5AA1A03A2B4B89A60087A1C3 /* Products */ = {
			isa = PBXGroup;
			children = (
				5AA1A0392B4B89A60087A1C3 /* ToDoList.app */,
				5AA1A0492B4B89A60087A1C3 /* ToDoListTests.xctest */,
				5AA1A0532B4B89A60087A1C3 /* ToDoListUITests.xctest */,
			);
			name = Products;
			sourceTree = "<group>";
		};
		5AA1A03B2B4B89A60087A1C3 /* ToDoList */ = {
			isa = PBXGroup;
			children = (
				5AA1A03C2B4B89A60087A1C3 /* ToDoListApp.swift */,
				5AA1A03E2B4B89A60087A1C3 /* ContentView.swift */,
				5AA1A0402B4B89A60087A1C3 /* Assets.xcassets */,
				5AA1A0662B4B8AE30087A1C3 /* GoogleService-Info.plist */,
				5AA1A0422B4B89A60087A1C3 /* Preview Content */,
			);
			path = ToDoList;
			sourceTree = "<group>";
		};
		5AA1A0422B4B89A60087A1C3 /* Preview Content */ = {
			isa = PBXGroup;
			children = (
				5AA1A0432B4B89A60087A1C3 /* Preview Assets.xcassets */,
			);
			path = "Preview Content";
			sourceTree = "<group>";
		};
		5AA1A04C2B4B89A60087A1C3 /* ToDoListTests */ = {
			isa = PBXGroup;
			children = (
				5AA1A04D2B4B89A60087A1C3 /* ToDoListTests.swift */,
			);
			path = ToDoListTests;
			sourceTree = "<group>";
		};
		5AA1A0562B4B89A60087A1C3 /* ToDoListUITests */ = {
			isa = PBXGroup;
			children = (
				5AA1A0572B4B89A60087A1C3 /* ToDoListUITests.swift */,
				5AA1A0592B4B89A60087A1C3 /* ToDoListUITestsLaunchTests.swift */,
			);
			path = ToDoListUITests;
			sourceTree = "<group>";
		};
		5AA1A06B2B4B952A0087A1C3 /* Frameworks */ = {
			isa = PBXGroup;
			children = (
			);
			name = Frameworks;
			sourceTree = "<group>";
		};
/* End PBXGroup section */

/* Begin PBXNativeTarget section */
		5AA1A0382B4B89A60087A1C3 /* ToDoList */ = {
			isa = PBXNativeTarget;
			buildConfigurationList = 5AA1A05D2B4B89A60087A1C3 /* Build configuration list for PBXNativeTarget "ToDoList" */;
			buildPhases = (
				5AA1A0352B4B89A60087A1C3 /* Sources */,
				5AA1A0362B4B89A60087A1C3 /* Frameworks */,
				5AA1A0372B4B89A60087A1C3 /* Resources */,
			);
			buildRules = (
			);
			dependencies = (
			);
			name = ToDoList;
			packageProductDependencies = (
				5AA1A0692B4B8DF30087A1C3 /* FirebaseAnalytics */,
				5AA1A06C2B4B952A0087A1C3 /* FirebaseFirestore */,
				5AA1A06E2B4B96650087A1C3 /* FirebaseFirestoreSwift */,
			);
			productName = ToDoList;
			productReference = 5AA1A0392B4B89A60087A1C3 /* ToDoList.app */;
			productType = "com.apple.product-type.application";
		};
		5AA1A0482B4B89A60087A1C3 /* ToDoListTests */ = {
			isa = PBXNativeTarget;
			buildConfigurationList = 5AA1A0602B4B89A60087A1C3 /* Build configuration list for PBXNativeTarget "ToDoListTests" */;
			buildPhases = (
				5AA1A0452B4B89A60087A1C3 /* Sources */,
				5AA1A0462B4B89A60087A1C3 /* Frameworks */,
				5AA1A0472B4B89A60087A1C3 /* Resources */,
			);
			buildRules = (
			);
			dependencies = (
				5AA1A04B2B4B89A60087A1C3 /* PBXTargetDependency */,
			);
			name = ToDoListTests;
			productName = ToDoListTests;
			productReference = 5AA1A0492B4B89A60087A1C3 /* ToDoListTests.xctest */;
			productType = "com.apple.product-type.bundle.unit-test";
		};
		5AA1A0522B4B89A60087A1C3 /* ToDoListUITests */ = {
			isa = PBXNativeTarget;
			buildConfigurationList = 5AA1A0632B4B89A60087A1C3 /* Build configuration list for PBXNativeTarget "ToDoListUITests" */;
			buildPhases = (
				5AA1A04F2B4B89A60087A1C3 /* Sources */,
				5AA1A0502B4B89A60087A1C3 /* Frameworks */,
				5AA1A0512B4B89A60087A1C3 /* Resources */,
			);
			buildRules = (
			);
			dependencies = (
				5AA1A0552B4B89A60087A1C3 /* PBXTargetDependency */,
			);
			name = ToDoListUITests;
			productName = ToDoListUITests;
			productReference = 5AA1A0532B4B89A60087A1C3 /* ToDoListUITests.xctest */;
			productType = "com.apple.product-type.bundle.ui-testing";
		};
/* End PBXNativeTarget section */

/* Begin PBXProject section */
		5AA1A0312B4B89A60087A1C3 /* Project object */ = {
			isa = PBXProject;
			attributes = {
				BuildIndependentTargetsInParallel = 1;
				LastSwiftUpdateCheck = 1510;
				LastUpgradeCheck = 1510;
				TargetAttributes = {
					5AA1A0382B4B89A60087A1C3 = {
						CreatedOnToolsVersion = 15.1;
					};
					5AA1A0482B4B89A60087A1C3 = {
						CreatedOnToolsVersion = 15.1;
						TestTargetID = 5AA1A0382B4B89A60087A1C3;
					};
					5AA1A0522B4B89A60087A1C3 = {
						CreatedOnToolsVersion = 15.1;
						TestTargetID = 5AA1A0382B4B89A60087A1C3;
					};
				};
			};
			buildConfigurationList = 5AA1A0342B4B89A60087A1C3 /* Build configuration list for PBXProject "ToDoList" */;
			compatibilityVersion = "Xcode 14.0";
			developmentRegion = en;
			hasScannedForEncodings = 0;
			knownRegions = (
				en,
				Base,
			);
			mainGroup = 5AA1A0302B4B89A60087A1C3;
			packageReferences = (
				5AA1A0682B4B8DF30087A1C3 /* XCRemoteSwiftPackageReference "firebase-ios-sdk" */,
			);
			productRefGroup = 5AA1A03A2B4B89A60087A1C3 /* Products */;
			projectDirPath = "";
			projectRoot = "";
			targets = (
				5AA1A0382B4B89A60087A1C3 /* ToDoList */,
				5AA1A0482B4B89A60087A1C3 /* ToDoListTests */,
				5AA1A0522B4B89A60087A1C3 /* ToDoListUITests */,
			);
		};
/* End PBXProject section */

/* Begin PBXResourcesBuildPhase section */
		5AA1A0372B4B89A60087A1C3 /* Resources */ = {
			isa = PBXResourcesBuildPhase;
			buildActionMask = 2147483647;
			files = (
				5AA1A0442B4B89A60087A1C3 /* Preview Assets.xcassets in Resources */,
				5AA1A0412B4B89A60087A1C3 /* Assets.xcassets in Resources */,
				5AA1A0672B4B8AE30087A1C3 /* GoogleService-Info.plist in Resources */,
			);
			runOnlyForDeploymentPostprocessing = 0;
		};
		5AA1A0472B4B89A60087A1C3 /* Resources */ = {
			isa = PBXResourcesBuildPhase;
			buildActionMask = 2147483647;
			files = (
			);
			runOnlyForDeploymentPostprocessing = 0;
		};
		5AA1A0512B4B89A60087A1C3 /* Resources */ = {
			isa = PBXResourcesBuildPhase;
			buildActionMask = 2147483647;
			files = (
			);
			runOnlyForDeploymentPostprocessing = 0;
		};
/* End PBXResourcesBuildPhase section */

/* Begin PBXSourcesBuildPhase section */
		5AA1A0352B4B89A60087A1C3 /* Sources */ = {
			isa = PBXSourcesBuildPhase;
			buildActionMask = 2147483647;
			files = (
				5AA1A03F2B4B89A60087A1C3 /* ContentView.swift in Sources */,
				5AA1A03D2B4B89A60087A1C3 /* ToDoListApp.swift in Sources */,
			);
			runOnlyForDeploymentPostprocessing = 0;
		};
		5AA1A0452B4B89A60087A1C3 /* Sources */ = {
			isa = PBXSourcesBuildPhase;
			buildActionMask = 2147483647;
			files = (
				5AA1A04E2B4B89A60087A1C3 /* ToDoListTests.swift in Sources */,
			);
			runOnlyForDeploymentPostprocessing = 0;
		};
		5AA1A04F2B4B89A60087A1C3 /* Sources */ = {
			isa = PBXSourcesBuildPhase;
			buildActionMask = 2147483647;
			files = (
				5AA1A05A2B4B89A60087A1C3 /* ToDoListUITestsLaunchTests.swift in Sources */,
				5AA1A0582B4B89A60087A1C3 /* ToDoListUITests.swift in Sources */,
			);
			runOnlyForDeploymentPostprocessing = 0;
		};
/* End PBXSourcesBuildPhase section */

/* Begin PBXTargetDependency section */
		5AA1A04B2B4B89A60087A1C3 /* PBXTargetDependency */ = {
			isa = PBXTargetDependency;
			target = 5AA1A0382B4B89A60087A1C3 /* ToDoList */;
			targetProxy = 5AA1A04A2B4B89A60087A1C3 /* PBXContainerItemProxy */;
		};
		5AA1A0552B4B89A60087A1C3 /* PBXTargetDependency */ = {
			isa = PBXTargetDependency;
			target = 5AA1A0382B4B89A60087A1C3 /* ToDoList */;
			targetProxy = 5AA1A0542B4B89A60087A1C3 /* PBXContainerItemProxy */;
		};
/* End PBXTargetDependency section */

/* Begin XCBuildConfiguration section */
		5AA1A05B2B4B89A60087A1C3 /* Debug */ = {
			isa = XCBuildConfiguration;
			buildSettings = {
				ALWAYS_SEARCH_USER_PATHS = NO;
				ASSETCATALOG_COMPILER_GENERATE_SWIFT_ASSET_SYMBOL_EXTENSIONS = YES;
				CLANG_ANALYZER_NONNULL = YES;
				CLANG_ANALYZER_NUMBER_OBJECT_CONVERSION = YES_AGGRESSIVE;
				CLANG_CXX_LANGUAGE_STANDARD = "gnu++20";
				CLANG_ENABLE_MODULES = YES;
				CLANG_ENABLE_OBJC_ARC = YES;
				CLANG_ENABLE_OBJC_WEAK = YES;
				CLANG_WARN_BLOCK_CAPTURE_AUTORELEASING = YES;
				CLANG_WARN_BOOL_CONVERSION = YES;
				CLANG_WARN_COMMA = YES;
				CLANG_WARN_CONSTANT_CONVERSION = YES;
				CLANG_WARN_DEPRECATED_OBJC_IMPLEMENTATIONS = YES;
				CLANG_WARN_DIRECT_OBJC_ISA_USAGE = YES_ERROR;
				CLANG_WARN_DOCUMENTATION_COMMENTS = YES;
				CLANG_WARN_EMPTY_BODY = YES;
				CLANG_WARN_ENUM_CONVERSION = YES;
				CLANG_WARN_INFINITE_RECURSION = YES;
				CLANG_WARN_INT_CONVERSION = YES;
				CLANG_WARN_NON_LITERAL_NULL_CONVERSION = YES;
				CLANG_WARN_OBJC_IMPLICIT_RETAIN_SELF = YES;
				CLANG_WARN_OBJC_LITERAL_CONVERSION = YES;
				CLANG_WARN_OBJC_ROOT_CLASS = YES_ERROR;
				CLANG_WARN_QUOTED_INCLUDE_IN_FRAMEWORK_HEADER = YES;
				CLANG_WARN_RANGE_LOOP_ANALYSIS = YES;
				CLANG_WARN_STRICT_PROTOTYPES = YES;
				CLANG_WARN_SUSPICIOUS_MOVE = YES;
				CLANG_WARN_UNGUARDED_AVAILABILITY = YES_AGGRESSIVE;
				CLANG_WARN_UNREACHABLE_CODE = YES;
				CLANG_WARN__DUPLICATE_METHOD_MATCH = YES;
				COPY_PHASE_STRIP = NO;
				DEBUG_INFORMATION_FORMAT = dwarf;
				ENABLE_STRICT_OBJC_MSGSEND = YES;
				ENABLE_TESTABILITY = YES;
				ENABLE_USER_SCRIPT_SANDBOXING = YES;
				GCC_C_LANGUAGE_STANDARD = gnu17;
				GCC_DYNAMIC_NO_PIC = NO;
				GCC_NO_COMMON_BLOCKS = YES;
				GCC_OPTIMIZATION_LEVEL = 0;
				GCC_PREPROCESSOR_DEFINITIONS = (
					"DEBUG=1",
					"$(inherited)",
				);
				GCC_WARN_64_TO_32_BIT_CONVERSION = YES;
				GCC_WARN_ABOUT_RETURN_TYPE = YES_ERROR;
				GCC_WARN_UNDECLARED_SELECTOR = YES;
				GCC_WARN_UNINITIALIZED_AUTOS = YES_AGGRESSIVE;
				GCC_WARN_UNUSED_FUNCTION = YES;
				GCC_WARN_UNUSED_VARIABLE = YES;
				IPHONEOS_DEPLOYMENT_TARGET = 17.2;
				LOCALIZATION_PREFERS_STRING_CATALOGS = YES;
				MTL_ENABLE_DEBUG_INFO = INCLUDE_SOURCE;
				MTL_FAST_MATH = YES;
				ONLY_ACTIVE_ARCH = YES;
				SDKROOT = iphoneos;
				SWIFT_ACTIVE_COMPILATION_CONDITIONS = "DEBUG $(inherited)";
				SWIFT_OPTIMIZATION_LEVEL = "-Onone";
			};
			name = Debug;
		};
		5AA1A05C2B4B89A60087A1C3 /* Release */ = {
			isa = XCBuildConfiguration;
			buildSettings = {
				ALWAYS_SEARCH_USER_PATHS = NO;
				ASSETCATALOG_COMPILER_GENERATE_SWIFT_ASSET_SYMBOL_EXTENSIONS = YES;
				CLANG_ANALYZER_NONNULL = YES;
				CLANG_ANALYZER_NUMBER_OBJECT_CONVERSION = YES_AGGRESSIVE;
				CLANG_CXX_LANGUAGE_STANDARD = "gnu++20";
				CLANG_ENABLE_MODULES = YES;
				CLANG_ENABLE_OBJC_ARC = YES;
				CLANG_ENABLE_OBJC_WEAK = YES;
				CLANG_WARN_BLOCK_CAPTURE_AUTORELEASING = YES;
				CLANG_WARN_BOOL_CONVERSION = YES;
				CLANG_WARN_COMMA = YES;
				CLANG_WARN_CONSTANT_CONVERSION = YES;
				CLANG_WARN_DEPRECATED_OBJC_IMPLEMENTATIONS = YES;
				CLANG_WARN_DIRECT_OBJC_ISA_USAGE = YES_ERROR;
				CLANG_WARN_DOCUMENTATION_COMMENTS = YES;
				CLANG_WARN_EMPTY_BODY = YES;
				CLANG_WARN_ENUM_CONVERSION = YES;
				CLANG_WARN_INFINITE_RECURSION = YES;
				CLANG_WARN_INT_CONVERSION = YES;
				CLANG_WARN_NON_LITERAL_NULL_CONVERSION = YES;
				CLANG_WARN_OBJC_IMPLICIT_RETAIN_SELF = YES;
				CLANG_WARN_OBJC_LITERAL_CONVERSION = YES;
				CLANG_WARN_OBJC_ROOT_CLASS = YES_ERROR;
				CLANG_WARN_QUOTED_INCLUDE_IN_FRAMEWORK_HEADER = YES;
				CLANG_WARN_RANGE_LOOP_ANALYSIS = YES;
				CLANG_WARN_STRICT_PROTOTYPES = YES;
				CLANG_WARN_SUSPICIOUS_MOVE = YES;
				CLANG_WARN_UNGUARDED_AVAILABILITY = YES_AGGRESSIVE;
				CLANG_WARN_UNREACHABLE_CODE = YES;
				CLANG_WARN__DUPLICATE_METHOD_MATCH = YES;
				COPY_PHASE_STRIP = NO;
				DEBUG_INFORMATION_FORMAT = "dwarf-with-dsym";
				ENABLE_NS_ASSERTIONS = NO;
				ENABLE_STRICT_OBJC_MSGSEND = YES;
				ENABLE_USER_SCRIPT_SANDBOXING = YES;
				GCC_C_LANGUAGE_STANDARD = gnu17;
				GCC_NO_COMMON_BLOCKS = YES;
				GCC_WARN_64_TO_32_BIT_CONVERSION = YES;
				GCC_WARN_ABOUT_RETURN_TYPE = YES_ERROR;
				GCC_WARN_UNDECLARED_SELECTOR = YES;
				GCC_WARN_UNINITIALIZED_AUTOS = YES_AGGRESSIVE;
				GCC_WARN_UNUSED_FUNCTION = YES;
				GCC_WARN_UNUSED_VARIABLE = YES;
				IPHONEOS_DEPLOYMENT_TARGET = 17.2;
				LOCALIZATION_PREFERS_STRING_CATALOGS = YES;
				MTL_ENABLE_DEBUG_INFO = NO;
				MTL_FAST_MATH = YES;
				SDKROOT = iphoneos;
				SWIFT_COMPILATION_MODE = wholemodule;
				VALIDATE_PRODUCT = YES;
			};
			name = Release;
		};
		5AA1A05E2B4B89A60087A1C3 /* Debug */ = {
			isa = XCBuildConfiguration;
			buildSettings = {
				ASSETCATALOG_COMPILER_APPICON_NAME = AppIcon;
				ASSETCATALOG_COMPILER_GLOBAL_ACCENT_COLOR_NAME = AccentColor;
				CODE_SIGN_STYLE = Automatic;
				CURRENT_PROJECT_VERSION = 1;
				DEVELOPMENT_ASSET_PATHS = "\"ToDoList/Preview Content\"";
				ENABLE_PREVIEWS = YES;
				GENERATE_INFOPLIST_FILE = YES;
				INFOPLIST_KEY_UIApplicationSceneManifest_Generation = YES;
				INFOPLIST_KEY_UIApplicationSupportsIndirectInputEvents = YES;
				INFOPLIST_KEY_UILaunchScreen_Generation = YES;
				INFOPLIST_KEY_UISupportedInterfaceOrientations_iPad = "UIInterfaceOrientationPortrait UIInterfaceOrientationPortraitUpsideDown UIInterfaceOrientationLandscapeLeft UIInterfaceOrientationLandscapeRight";
				INFOPLIST_KEY_UISupportedInterfaceOrientations_iPhone = "UIInterfaceOrientationPortrait UIInterfaceOrientationLandscapeLeft UIInterfaceOrientationLandscapeRight";
				LD_RUNPATH_SEARCH_PATHS = (
					"$(inherited)",
					"@executable_path/Frameworks",
				);
				MARKETING_VERSION = 1.0;
				PRODUCT_BUNDLE_IDENTIFIER = com.minho.ToDoList;
				PRODUCT_NAME = "$(TARGET_NAME)";
				SWIFT_EMIT_LOC_STRINGS = YES;
				SWIFT_VERSION = 5.0;
				TARGETED_DEVICE_FAMILY = "1,2";
			};
			name = Debug;
		};
		5AA1A05F2B4B89A60087A1C3 /* Release */ = {
			isa = XCBuildConfiguration;
			buildSettings = {
				ASSETCATALOG_COMPILER_APPICON_NAME = AppIcon;
				ASSETCATALOG_COMPILER_GLOBAL_ACCENT_COLOR_NAME = AccentColor;
				CODE_SIGN_STYLE = Automatic;
				CURRENT_PROJECT_VERSION = 1;
				DEVELOPMENT_ASSET_PATHS = "\"ToDoList/Preview Content\"";
				ENABLE_PREVIEWS = YES;
				GENERATE_INFOPLIST_FILE = YES;
				INFOPLIST_KEY_UIApplicationSceneManifest_Generation = YES;
				INFOPLIST_KEY_UIApplicationSupportsIndirectInputEvents = YES;
				INFOPLIST_KEY_UILaunchScreen_Generation = YES;
				INFOPLIST_KEY_UISupportedInterfaceOrientations_iPad = "UIInterfaceOrientationPortrait UIInterfaceOrientationPortraitUpsideDown UIInterfaceOrientationLandscapeLeft UIInterfaceOrientationLandscapeRight";
				INFOPLIST_KEY_UISupportedInterfaceOrientations_iPhone = "UIInterfaceOrientationPortrait UIInterfaceOrientationLandscapeLeft UIInterfaceOrientationLandscapeRight";
				LD_RUNPATH_SEARCH_PATHS = (
					"$(inherited)",
					"@executable_path/Frameworks",
				);
				MARKETING_VERSION = 1.0;
				PRODUCT_BUNDLE_IDENTIFIER = com.minho.ToDoList;
				PRODUCT_NAME = "$(TARGET_NAME)";
				SWIFT_EMIT_LOC_STRINGS = YES;
				SWIFT_VERSION = 5.0;
				TARGETED_DEVICE_FAMILY = "1,2";
			};
			name = Release;
		};
		5AA1A0612B4B89A60087A1C3 /* Debug */ = {
			isa = XCBuildConfiguration;
			buildSettings = {
				ALWAYS_EMBED_SWIFT_STANDARD_LIBRARIES = YES;
				BUNDLE_LOADER = "$(TEST_HOST)";
				CODE_SIGN_STYLE = Automatic;
				CURRENT_PROJECT_VERSION = 1;
				GENERATE_INFOPLIST_FILE = YES;
				IPHONEOS_DEPLOYMENT_TARGET = 17.2;
				MARKETING_VERSION = 1.0;
				PRODUCT_BUNDLE_IDENTIFIER = Sample.ToDoListTests;
				PRODUCT_NAME = "$(TARGET_NAME)";
				SWIFT_EMIT_LOC_STRINGS = NO;
				SWIFT_VERSION = 5.0;
				TARGETED_DEVICE_FAMILY = "1,2";
				TEST_HOST = "$(BUILT_PRODUCTS_DIR)/ToDoList.app/$(BUNDLE_EXECUTABLE_FOLDER_PATH)/ToDoList";
			};
			name = Debug;
		};
		5AA1A0622B4B89A60087A1C3 /* Release */ = {
			isa = XCBuildConfiguration;
			buildSettings = {
				ALWAYS_EMBED_SWIFT_STANDARD_LIBRARIES = YES;
				BUNDLE_LOADER = "$(TEST_HOST)";
				CODE_SIGN_STYLE = Automatic;
				CURRENT_PROJECT_VERSION = 1;
				GENERATE_INFOPLIST_FILE = YES;
				IPHONEOS_DEPLOYMENT_TARGET = 17.2;
				MARKETING_VERSION = 1.0;
				PRODUCT_BUNDLE_IDENTIFIER = Sample.ToDoListTests;
				PRODUCT_NAME = "$(TARGET_NAME)";
				SWIFT_EMIT_LOC_STRINGS = NO;
				SWIFT_VERSION = 5.0;
				TARGETED_DEVICE_FAMILY = "1,2";
				TEST_HOST = "$(BUILT_PRODUCTS_DIR)/ToDoList.app/$(BUNDLE_EXECUTABLE_FOLDER_PATH)/ToDoList";
			};
			name = Release;
		};
		5AA1A0642B4B89A60087A1C3 /* Debug */ = {
			isa = XCBuildConfiguration;
			buildSettings = {
				ALWAYS_EMBED_SWIFT_STANDARD_LIBRARIES = YES;
				CODE_SIGN_STYLE = Automatic;
				CURRENT_PROJECT_VERSION = 1;
				GENERATE_INFOPLIST_FILE = YES;
				MARKETING_VERSION = 1.0;
				PRODUCT_BUNDLE_IDENTIFIER = Sample.ToDoListUITests;
				PRODUCT_NAME = "$(TARGET_NAME)";
				SWIFT_EMIT_LOC_STRINGS = NO;
				SWIFT_VERSION = 5.0;
				TARGETED_DEVICE_FAMILY = "1,2";
				TEST_TARGET_NAME = ToDoList;
			};
			name = Debug;
		};
		5AA1A0652B4B89A60087A1C3 /* Release */ = {
			isa = XCBuildConfiguration;
			buildSettings = {
				ALWAYS_EMBED_SWIFT_STANDARD_LIBRARIES = YES;
				CODE_SIGN_STYLE = Automatic;
				CURRENT_PROJECT_VERSION = 1;
				GENERATE_INFOPLIST_FILE = YES;
				MARKETING_VERSION = 1.0;
				PRODUCT_BUNDLE_IDENTIFIER = Sample.ToDoListUITests;
				PRODUCT_NAME = "$(TARGET_NAME)";
				SWIFT_EMIT_LOC_STRINGS = NO;
				SWIFT_VERSION = 5.0;
				TARGETED_DEVICE_FAMILY = "1,2";
				TEST_TARGET_NAME = ToDoList;
			};
			name = Release;
		};
/* End XCBuildConfiguration section */

/* Begin XCConfigurationList section */
		5AA1A0342B4B89A60087A1C3 /* Build configuration list for PBXProject "ToDoList" */ = {
			isa = XCConfigurationList;
			buildConfigurations = (
				5AA1A05B2B4B89A60087A1C3 /* Debug */,
				5AA1A05C2B4B89A60087A1C3 /* Release */,
			);
			defaultConfigurationIsVisible = 0;
			defaultConfigurationName = Release;
		};
		5AA1A05D2B4B89A60087A1C3 /* Build configuration list for PBXNativeTarget "ToDoList" */ = {
			isa = XCConfigurationList;
			buildConfigurations = (
				5AA1A05E2B4B89A60087A1C3 /* Debug */,
				5AA1A05F2B4B89A60087A1C3 /* Release */,
			);
			defaultConfigurationIsVisible = 0;
			defaultConfigurationName = Release;
		};
		5AA1A0602B4B89A60087A1C3 /* Build configuration list for PBXNativeTarget "ToDoListTests" */ = {
			isa = XCConfigurationList;
			buildConfigurations = (
				5AA1A0612B4B89A60087A1C3 /* Debug */,
				5AA1A0622B4B89A60087A1C3 /* Release */,
			);
			defaultConfigurationIsVisible = 0;
			defaultConfigurationName = Release;
		};
		5AA1A0632B4B89A60087A1C3 /* Build configuration list for PBXNativeTarget "ToDoListUITests" */ = {
			isa = XCConfigurationList;
			buildConfigurations = (
				5AA1A0642B4B89A60087A1C3 /* Debug */,
				5AA1A0652B4B89A60087A1C3 /* Release */,
			);
			defaultConfigurationIsVisible = 0;
			defaultConfigurationName = Release;
		};
/* End XCConfigurationList section */

/* Begin XCRemoteSwiftPackageReference section */
		5AA1A0682B4B8DF30087A1C3 /* XCRemoteSwiftPackageReference "firebase-ios-sdk" */ = {
			isa = XCRemoteSwiftPackageReference;
			repositoryURL = "https://github.com/firebase/firebase-ios-sdk";
			requirement = {
				kind = upToNextMajorVersion;
				minimumVersion = 10.19.1;
			};
		};
/* End XCRemoteSwiftPackageReference section */

/* Begin XCSwiftPackageProductDependency section */
		5AA1A0692B4B8DF30087A1C3 /* FirebaseAnalytics */ = {
			isa = XCSwiftPackageProductDependency;
			package = 5AA1A0682B4B8DF30087A1C3 /* XCRemoteSwiftPackageReference "firebase-ios-sdk" */;
			productName = FirebaseAnalytics;
		};
		5AA1A06C2B4B952A0087A1C3 /* FirebaseFirestore */ = {
			isa = XCSwiftPackageProductDependency;
			package = 5AA1A0682B4B8DF30087A1C3 /* XCRemoteSwiftPackageReference "firebase-ios-sdk" */;
			productName = FirebaseFirestore;
		};
		5AA1A06E2B4B96650087A1C3 /* FirebaseFirestoreSwift */ = {
			isa = XCSwiftPackageProductDependency;
			package = 5AA1A0682B4B8DF30087A1C3 /* XCRemoteSwiftPackageReference "firebase-ios-sdk" */;
			productName = FirebaseFirestoreSwift;
		};
/* End XCSwiftPackageProductDependency section */
	};
	rootObject = 5AA1A0312B4B89A60087A1C3 /* Project object */;
}
